// !$*UTF8*$!
{
	archiveVersion = 1;
	classes = {
	};
	objectVersion = 56;
	objects = {

/* Begin PBXBuildFile section */
		1ABE51BE2B9B848A00698545 /* AppDelegate.swift in Sources */ = {isa = PBXBuildFile; fileRef = 1ABE51BD2B9B848A00698545 /* AppDelegate.swift */; };
		1ABE51C02B9B848A00698545 /* SceneDelegate.swift in Sources */ = {isa = PBXBuildFile; fileRef = 1ABE51BF2B9B848A00698545 /* SceneDelegate.swift */; };
		1ABE51C22B9B848A00698545 /* ViewController.swift in Sources */ = {isa = PBXBuildFile; fileRef = 1ABE51C12B9B848A00698545 /* ViewController.swift */; };
		1ABE51C72B9B848B00698545 /* Assets.xcassets in Resources */ = {isa = PBXBuildFile; fileRef = 1ABE51C62B9B848B00698545 /* Assets.xcassets */; };
		1ABE51CA2B9B848B00698545 /* LaunchScreen.storyboard in Resources */ = {isa = PBXBuildFile; fileRef = 1ABE51C82B9B848B00698545 /* LaunchScreen.storyboard */; };
		1ABE51E12B9B8BA400698545 /* Roboto-Medium.ttf in Resources */ = {isa = PBXBuildFile; fileRef = 1ABE51D42B9B8BA400698545 /* Roboto-Medium.ttf */; };
		1ABE51E22B9B8BA400698545 /* Roboto-Light.ttf in Resources */ = {isa = PBXBuildFile; fileRef = 1ABE51D52B9B8BA400698545 /* Roboto-Light.ttf */; };
		1ABE51E32B9B8BA400698545 /* Roboto-Regular.ttf in Resources */ = {isa = PBXBuildFile; fileRef = 1ABE51D62B9B8BA400698545 /* Roboto-Regular.ttf */; };
		1ABE51E42B9B8BA400698545 /* Roboto-MediumItalic.ttf in Resources */ = {isa = PBXBuildFile; fileRef = 1ABE51D72B9B8BA400698545 /* Roboto-MediumItalic.ttf */; };
		1ABE51E52B9B8BA400698545 /* Roboto-ThinItalic.ttf in Resources */ = {isa = PBXBuildFile; fileRef = 1ABE51D82B9B8BA400698545 /* Roboto-ThinItalic.ttf */; };
		1ABE51E62B9B8BA400698545 /* Roboto-BoldItalic.ttf in Resources */ = {isa = PBXBuildFile; fileRef = 1ABE51D92B9B8BA400698545 /* Roboto-BoldItalic.ttf */; };
		1ABE51E72B9B8BA400698545 /* Roboto-LightItalic.ttf in Resources */ = {isa = PBXBuildFile; fileRef = 1ABE51DA2B9B8BA400698545 /* Roboto-LightItalic.ttf */; };
		1ABE51E82B9B8BA400698545 /* Roboto-Italic.ttf in Resources */ = {isa = PBXBuildFile; fileRef = 1ABE51DB2B9B8BA400698545 /* Roboto-Italic.ttf */; };
		1ABE51E92B9B8BA400698545 /* LICENSE.txt in Resources */ = {isa = PBXBuildFile; fileRef = 1ABE51DC2B9B8BA400698545 /* LICENSE.txt */; };
		1ABE51EA2B9B8BA400698545 /* Roboto-BlackItalic.ttf in Resources */ = {isa = PBXBuildFile; fileRef = 1ABE51DD2B9B8BA400698545 /* Roboto-BlackItalic.ttf */; };
		1ABE51EB2B9B8BA400698545 /* Roboto-Bold.ttf in Resources */ = {isa = PBXBuildFile; fileRef = 1ABE51DE2B9B8BA400698545 /* Roboto-Bold.ttf */; };
		1ABE51EC2B9B8BA400698545 /* Roboto-Thin.ttf in Resources */ = {isa = PBXBuildFile; fileRef = 1ABE51DF2B9B8BA400698545 /* Roboto-Thin.ttf */; };
		1ABE51ED2B9B8BA400698545 /* Roboto-Black.ttf in Resources */ = {isa = PBXBuildFile; fileRef = 1ABE51E02B9B8BA400698545 /* Roboto-Black.ttf */; };
		1ABE51F02B9B923300698545 /* Extension+UIFont.swift in Sources */ = {isa = PBXBuildFile; fileRef = 1ABE51EF2B9B923300698545 /* Extension+UIFont.swift */; };
		1ABE51F72B9B9E0C00698545 /* Extension+UIColor.swift in Sources */ = {isa = PBXBuildFile; fileRef = 1ABE51F62B9B9E0C00698545 /* Extension+UIColor.swift */; };
		1ABE51FA2B9B9E4900698545 /* AppColors.swift in Sources */ = {isa = PBXBuildFile; fileRef = 1ABE51F92B9B9E4900698545 /* AppColors.swift */; };
		1ABF01272B9C509D00880D9B /* Coordinator.swift in Sources */ = {isa = PBXBuildFile; fileRef = 1ABF01262B9C509D00880D9B /* Coordinator.swift */; };
		1ABF01292B9C65E900880D9B /* AppCoordinator.swift in Sources */ = {isa = PBXBuildFile; fileRef = 1ABF01282B9C65E900880D9B /* AppCoordinator.swift */; };
		1ABF012B2B9C685400880D9B /* OnboardingCoordinator.swift in Sources */ = {isa = PBXBuildFile; fileRef = 1ABF012A2B9C685400880D9B /* OnboardingCoordinator.swift */; };
		1ABF012D2B9C745300880D9B /* HomeCoordinator.swift in Sources */ = {isa = PBXBuildFile; fileRef = 1ABF012C2B9C745300880D9B /* HomeCoordinator.swift */; };
		1ABF012F2B9C74AD00880D9B /* OrderCoordinator.swift in Sources */ = {isa = PBXBuildFile; fileRef = 1ABF012E2B9C74AD00880D9B /* OrderCoordinator.swift */; };
		1ABF01312B9C74FB00880D9B /* ListCoordinator.swift in Sources */ = {isa = PBXBuildFile; fileRef = 1ABF01302B9C74FB00880D9B /* ListCoordinator.swift */; };
		1ABF01332B9C754900880D9B /* ProfileCoordinator.swift in Sources */ = {isa = PBXBuildFile; fileRef = 1ABF01322B9C754900880D9B /* ProfileCoordinator.swift */; };
		1ABF01352B9C75D700880D9B /* TabBarController.swift in Sources */ = {isa = PBXBuildFile; fileRef = 1ABF01342B9C75D700880D9B /* TabBarController.swift */; };
		1AF1221C2BA0B691000B5C75 /* OnboardingViewController.swift in Sources */ = {isa = PBXBuildFile; fileRef = 1AF1221B2BA0B691000B5C75 /* OnboardingViewController.swift */; };
		1AF122202BA0B77A000B5C75 /* OnboardingViewPresenter.swift in Sources */ = {isa = PBXBuildFile; fileRef = 1AF1221F2BA0B77A000B5C75 /* OnboardingViewPresenter.swift */; };
/* End PBXBuildFile section */

/* Begin PBXFileReference section */
		1ABE51BA2B9B848A00698545 /* FoodDeliveryApp.app */ = {isa = PBXFileReference; explicitFileType = wrapper.application; includeInIndex = 0; path = FoodDeliveryApp.app; sourceTree = BUILT_PRODUCTS_DIR; };
		1ABE51BD2B9B848A00698545 /* AppDelegate.swift */ = {isa = PBXFileReference; lastKnownFileType = sourcecode.swift; path = AppDelegate.swift; sourceTree = "<group>"; };
		1ABE51BF2B9B848A00698545 /* SceneDelegate.swift */ = {isa = PBXFileReference; lastKnownFileType = sourcecode.swift; path = SceneDelegate.swift; sourceTree = "<group>"; };
		1ABE51C12B9B848A00698545 /* ViewController.swift */ = {isa = PBXFileReference; lastKnownFileType = sourcecode.swift; path = ViewController.swift; sourceTree = "<group>"; };
		1ABE51C62B9B848B00698545 /* Assets.xcassets */ = {isa = PBXFileReference; lastKnownFileType = folder.assetcatalog; path = Assets.xcassets; sourceTree = "<group>"; };
		1ABE51C92B9B848B00698545 /* Base */ = {isa = PBXFileReference; lastKnownFileType = file.storyboard; name = Base; path = Base.lproj/LaunchScreen.storyboard; sourceTree = "<group>"; };
		1ABE51CB2B9B848B00698545 /* Info.plist */ = {isa = PBXFileReference; lastKnownFileType = text.plist.xml; path = Info.plist; sourceTree = "<group>"; };
		1ABE51D42B9B8BA400698545 /* Roboto-Medium.ttf */ = {isa = PBXFileReference; lastKnownFileType = file; path = "Roboto-Medium.ttf"; sourceTree = "<group>"; };
		1ABE51D52B9B8BA400698545 /* Roboto-Light.ttf */ = {isa = PBXFileReference; lastKnownFileType = file; path = "Roboto-Light.ttf"; sourceTree = "<group>"; };
		1ABE51D62B9B8BA400698545 /* Roboto-Regular.ttf */ = {isa = PBXFileReference; lastKnownFileType = file; path = "Roboto-Regular.ttf"; sourceTree = "<group>"; };
		1ABE51D72B9B8BA400698545 /* Roboto-MediumItalic.ttf */ = {isa = PBXFileReference; lastKnownFileType = file; path = "Roboto-MediumItalic.ttf"; sourceTree = "<group>"; };
		1ABE51D82B9B8BA400698545 /* Roboto-ThinItalic.ttf */ = {isa = PBXFileReference; lastKnownFileType = file; path = "Roboto-ThinItalic.ttf"; sourceTree = "<group>"; };
		1ABE51D92B9B8BA400698545 /* Roboto-BoldItalic.ttf */ = {isa = PBXFileReference; lastKnownFileType = file; path = "Roboto-BoldItalic.ttf"; sourceTree = "<group>"; };
		1ABE51DA2B9B8BA400698545 /* Roboto-LightItalic.ttf */ = {isa = PBXFileReference; lastKnownFileType = file; path = "Roboto-LightItalic.ttf"; sourceTree = "<group>"; };
		1ABE51DB2B9B8BA400698545 /* Roboto-Italic.ttf */ = {isa = PBXFileReference; lastKnownFileType = file; path = "Roboto-Italic.ttf"; sourceTree = "<group>"; };
		1ABE51DC2B9B8BA400698545 /* LICENSE.txt */ = {isa = PBXFileReference; fileEncoding = 4; lastKnownFileType = text; path = LICENSE.txt; sourceTree = "<group>"; };
		1ABE51DD2B9B8BA400698545 /* Roboto-BlackItalic.ttf */ = {isa = PBXFileReference; lastKnownFileType = file; path = "Roboto-BlackItalic.ttf"; sourceTree = "<group>"; };
		1ABE51DE2B9B8BA400698545 /* Roboto-Bold.ttf */ = {isa = PBXFileReference; lastKnownFileType = file; path = "Roboto-Bold.ttf"; sourceTree = "<group>"; };
		1ABE51DF2B9B8BA400698545 /* Roboto-Thin.ttf */ = {isa = PBXFileReference; lastKnownFileType = file; path = "Roboto-Thin.ttf"; sourceTree = "<group>"; };
		1ABE51E02B9B8BA400698545 /* Roboto-Black.ttf */ = {isa = PBXFileReference; lastKnownFileType = file; path = "Roboto-Black.ttf"; sourceTree = "<group>"; };
		1ABE51EF2B9B923300698545 /* Extension+UIFont.swift */ = {isa = PBXFileReference; lastKnownFileType = sourcecode.swift; path = "Extension+UIFont.swift"; sourceTree = "<group>"; };
		1ABE51F62B9B9E0C00698545 /* Extension+UIColor.swift */ = {isa = PBXFileReference; lastKnownFileType = sourcecode.swift; path = "Extension+UIColor.swift"; sourceTree = "<group>"; };
		1ABE51F92B9B9E4900698545 /* AppColors.swift */ = {isa = PBXFileReference; lastKnownFileType = sourcecode.swift; path = AppColors.swift; sourceTree = "<group>"; };
		1ABF01262B9C509D00880D9B /* Coordinator.swift */ = {isa = PBXFileReference; lastKnownFileType = sourcecode.swift; path = Coordinator.swift; sourceTree = "<group>"; };
		1ABF01282B9C65E900880D9B /* AppCoordinator.swift */ = {isa = PBXFileReference; lastKnownFileType = sourcecode.swift; path = AppCoordinator.swift; sourceTree = "<group>"; };
		1ABF012A2B9C685400880D9B /* OnboardingCoordinator.swift */ = {isa = PBXFileReference; lastKnownFileType = sourcecode.swift; path = OnboardingCoordinator.swift; sourceTree = "<group>"; };
		1ABF012C2B9C745300880D9B /* HomeCoordinator.swift */ = {isa = PBXFileReference; lastKnownFileType = sourcecode.swift; path = HomeCoordinator.swift; sourceTree = "<group>"; };
		1ABF012E2B9C74AD00880D9B /* OrderCoordinator.swift */ = {isa = PBXFileReference; lastKnownFileType = sourcecode.swift; path = OrderCoordinator.swift; sourceTree = "<group>"; };
		1ABF01302B9C74FB00880D9B /* ListCoordinator.swift */ = {isa = PBXFileReference; lastKnownFileType = sourcecode.swift; path = ListCoordinator.swift; sourceTree = "<group>"; };
		1ABF01322B9C754900880D9B /* ProfileCoordinator.swift */ = {isa = PBXFileReference; lastKnownFileType = sourcecode.swift; path = ProfileCoordinator.swift; sourceTree = "<group>"; };
		1ABF01342B9C75D700880D9B /* TabBarController.swift */ = {isa = PBXFileReference; lastKnownFileType = sourcecode.swift; path = TabBarController.swift; sourceTree = "<group>"; };
		1AF1221B2BA0B691000B5C75 /* OnboardingViewController.swift */ = {isa = PBXFileReference; lastKnownFileType = sourcecode.swift; path = OnboardingViewController.swift; sourceTree = "<group>"; };
		1AF1221F2BA0B77A000B5C75 /* OnboardingViewPresenter.swift */ = {isa = PBXFileReference; lastKnownFileType = sourcecode.swift; path = OnboardingViewPresenter.swift; sourceTree = "<group>"; };
/* End PBXFileReference section */

/* Begin PBXFrameworksBuildPhase section */
		1ABE51B72B9B848A00698545 /* Frameworks */ = {
			isa = PBXFrameworksBuildPhase;
			buildActionMask = 2147483647;
			files = (
			);
			runOnlyForDeploymentPostprocessing = 0;
		};
/* End PBXFrameworksBuildPhase section */

/* Begin PBXGroup section */
		1ABE51B12B9B848A00698545 = {
			isa = PBXGroup;
			children = (
				1ABE51BC2B9B848A00698545 /* FoodDeliveryApp */,
				1ABE51BB2B9B848A00698545 /* Products */,
			);
			sourceTree = "<group>";
		};
		1ABE51BB2B9B848A00698545 /* Products */ = {
			isa = PBXGroup;
			children = (
				1ABE51BA2B9B848A00698545 /* FoodDeliveryApp.app */,
			);
			name = Products;
			sourceTree = "<group>";
		};
		1ABE51BC2B9B848A00698545 /* FoodDeliveryApp */ = {
			isa = PBXGroup;
			children = (
				1AF122192BA0B54B000B5C75 /* UILayer */,
				1ABF01232B9C4F4100880D9B /* NavigationLayer */,
				1ABE51EE2B9B91E100698545 /* Extensions */,
				1ABE51D12B9B8B7900698545 /* Resources */,
				1ABE51BD2B9B848A00698545 /* AppDelegate.swift */,
				1ABE51BF2B9B848A00698545 /* SceneDelegate.swift */,
				1ABE51C62B9B848B00698545 /* Assets.xcassets */,
				1ABE51C82B9B848B00698545 /* LaunchScreen.storyboard */,
				1ABE51CB2B9B848B00698545 /* Info.plist */,
			);
			path = FoodDeliveryApp;
			sourceTree = "<group>";
		};
		1ABE51D12B9B8B7900698545 /* Resources */ = {
			isa = PBXGroup;
			children = (
				1ABE51F82B9B9E3600698545 /* Colors */,
				1ABE51D22B9B8B8600698545 /* Fonts */,
			);
			path = Resources;
			sourceTree = "<group>";
		};
		1ABE51D22B9B8B8600698545 /* Fonts */ = {
			isa = PBXGroup;
			children = (
				1ABE51D32B9B8BA400698545 /* Roboto */,
			);
			path = Fonts;
			sourceTree = "<group>";
		};
		1ABE51D32B9B8BA400698545 /* Roboto */ = {
			isa = PBXGroup;
			children = (
				1ABE51DC2B9B8BA400698545 /* LICENSE.txt */,
				1ABE51E02B9B8BA400698545 /* Roboto-Black.ttf */,
				1ABE51DD2B9B8BA400698545 /* Roboto-BlackItalic.ttf */,
				1ABE51DE2B9B8BA400698545 /* Roboto-Bold.ttf */,
				1ABE51D92B9B8BA400698545 /* Roboto-BoldItalic.ttf */,
				1ABE51DB2B9B8BA400698545 /* Roboto-Italic.ttf */,
				1ABE51D52B9B8BA400698545 /* Roboto-Light.ttf */,
				1ABE51DA2B9B8BA400698545 /* Roboto-LightItalic.ttf */,
				1ABE51D42B9B8BA400698545 /* Roboto-Medium.ttf */,
				1ABE51D72B9B8BA400698545 /* Roboto-MediumItalic.ttf */,
				1ABE51D62B9B8BA400698545 /* Roboto-Regular.ttf */,
				1ABE51DF2B9B8BA400698545 /* Roboto-Thin.ttf */,
				1ABE51D82B9B8BA400698545 /* Roboto-ThinItalic.ttf */,
			);
			path = Roboto;
			sourceTree = "<group>";
		};
		1ABE51EE2B9B91E100698545 /* Extensions */ = {
			isa = PBXGroup;
			children = (
				1ABE51EF2B9B923300698545 /* Extension+UIFont.swift */,
				1ABE51F62B9B9E0C00698545 /* Extension+UIColor.swift */,
			);
			path = Extensions;
			sourceTree = "<group>";
		};
		1ABE51F82B9B9E3600698545 /* Colors */ = {
			isa = PBXGroup;
			children = (
				1ABE51F92B9B9E4900698545 /* AppColors.swift */,
			);
			path = Colors;
			sourceTree = "<group>";
		};
		1ABF01232B9C4F4100880D9B /* NavigationLayer */ = {
			isa = PBXGroup;
			children = (
				1ABF01252B9C4F7300880D9B /* Coordinators */,
				1ABF01242B9C4F6400880D9B /* Controllers */,
			);
			path = NavigationLayer;
			sourceTree = "<group>";
		};
		1ABF01242B9C4F6400880D9B /* Controllers */ = {
			isa = PBXGroup;
			children = (
				1ABE51C12B9B848A00698545 /* ViewController.swift */,
				1ABF01342B9C75D700880D9B /* TabBarController.swift */,
			);
			path = Controllers;
			sourceTree = "<group>";
		};
		1ABF01252B9C4F7300880D9B /* Coordinators */ = {
			isa = PBXGroup;
			children = (
				1ABF01262B9C509D00880D9B /* Coordinator.swift */,
				1ABF01282B9C65E900880D9B /* AppCoordinator.swift */,
				1ABF012A2B9C685400880D9B /* OnboardingCoordinator.swift */,
				1ABF012C2B9C745300880D9B /* HomeCoordinator.swift */,
				1ABF012E2B9C74AD00880D9B /* OrderCoordinator.swift */,
				1ABF01302B9C74FB00880D9B /* ListCoordinator.swift */,
				1ABF01322B9C754900880D9B /* ProfileCoordinator.swift */,
			);
			path = Coordinators;
			sourceTree = "<group>";
		};
		1AF122192BA0B54B000B5C75 /* UILayer */ = {
			isa = PBXGroup;
			children = (
				1AF1221A2BA0B617000B5C75 /* Onboarding */,
			);
			path = UILayer;
			sourceTree = "<group>";
		};
		1AF1221A2BA0B617000B5C75 /* Onboarding */ = {
			isa = PBXGroup;
			children = (
				1AF1221B2BA0B691000B5C75 /* OnboardingViewController.swift */,
				1AF1221F2BA0B77A000B5C75 /* OnboardingViewPresenter.swift */,
			);
			path = Onboarding;
			sourceTree = "<group>";
		};
/* End PBXGroup section */

/* Begin PBXNativeTarget section */
		1ABE51B92B9B848A00698545 /* FoodDeliveryApp */ = {
			isa = PBXNativeTarget;
			buildConfigurationList = 1ABE51CE2B9B848B00698545 /* Build configuration list for PBXNativeTarget "FoodDeliveryApp" */;
			buildPhases = (
				1ABE51B62B9B848A00698545 /* Sources */,
				1ABE51B72B9B848A00698545 /* Frameworks */,
				1ABE51B82B9B848A00698545 /* Resources */,
			);
			buildRules = (
			);
			dependencies = (
			);
			name = FoodDeliveryApp;
			productName = FoodDeliveryApp;
			productReference = 1ABE51BA2B9B848A00698545 /* FoodDeliveryApp.app */;
			productType = "com.apple.product-type.application";
		};
/* End PBXNativeTarget section */

/* Begin PBXProject section */
		1ABE51B22B9B848A00698545 /* Project object */ = {
			isa = PBXProject;
			attributes = {
				BuildIndependentTargetsInParallel = 1;
				LastSwiftUpdateCheck = 1520;
				LastUpgradeCheck = 1520;
				TargetAttributes = {
					1ABE51B92B9B848A00698545 = {
						CreatedOnToolsVersion = 15.2;
					};
				};
			};
			buildConfigurationList = 1ABE51B52B9B848A00698545 /* Build configuration list for PBXProject "FoodDeliveryApp" */;
			compatibilityVersion = "Xcode 14.0";
			developmentRegion = en;
			hasScannedForEncodings = 0;
			knownRegions = (
				en,
				Base,
			);
			mainGroup = 1ABE51B12B9B848A00698545;
			productRefGroup = 1ABE51BB2B9B848A00698545 /* Products */;
			projectDirPath = "";
			projectRoot = "";
			targets = (
				1ABE51B92B9B848A00698545 /* FoodDeliveryApp */,
			);
		};
/* End PBXProject section */

/* Begin PBXResourcesBuildPhase section */
		1ABE51B82B9B848A00698545 /* Resources */ = {
			isa = PBXResourcesBuildPhase;
			buildActionMask = 2147483647;
			files = (
				1ABE51EC2B9B8BA400698545 /* Roboto-Thin.ttf in Resources */,
				1ABE51E92B9B8BA400698545 /* LICENSE.txt in Resources */,
				1ABE51ED2B9B8BA400698545 /* Roboto-Black.ttf in Resources */,
				1ABE51EB2B9B8BA400698545 /* Roboto-Bold.ttf in Resources */,
				1ABE51CA2B9B848B00698545 /* LaunchScreen.storyboard in Resources */,
				1ABE51C72B9B848B00698545 /* Assets.xcassets in Resources */,
				1ABE51E62B9B8BA400698545 /* Roboto-BoldItalic.ttf in Resources */,
				1ABE51E32B9B8BA400698545 /* Roboto-Regular.ttf in Resources */,
				1ABE51E52B9B8BA400698545 /* Roboto-ThinItalic.ttf in Resources */,
				1ABE51E72B9B8BA400698545 /* Roboto-LightItalic.ttf in Resources */,
				1ABE51EA2B9B8BA400698545 /* Roboto-BlackItalic.ttf in Resources */,
				1ABE51E22B9B8BA400698545 /* Roboto-Light.ttf in Resources */,
				1ABE51E82B9B8BA400698545 /* Roboto-Italic.ttf in Resources */,
				1ABE51E42B9B8BA400698545 /* Roboto-MediumItalic.ttf in Resources */,
				1ABE51E12B9B8BA400698545 /* Roboto-Medium.ttf in Resources */,
			);
			runOnlyForDeploymentPostprocessing = 0;
		};
/* End PBXResourcesBuildPhase section */

/* Begin PBXSourcesBuildPhase section */
		1ABE51B62B9B848A00698545 /* Sources */ = {
			isa = PBXSourcesBuildPhase;
			buildActionMask = 2147483647;
			files = (
				1ABE51C22B9B848A00698545 /* ViewController.swift in Sources */,
				1ABE51F72B9B9E0C00698545 /* Extension+UIColor.swift in Sources */,
				1ABE51BE2B9B848A00698545 /* AppDelegate.swift in Sources */,
				1ABE51FA2B9B9E4900698545 /* AppColors.swift in Sources */,
				1ABF012B2B9C685400880D9B /* OnboardingCoordinator.swift in Sources */,
				1ABF01292B9C65E900880D9B /* AppCoordinator.swift in Sources */,
				1ABF012F2B9C74AD00880D9B /* OrderCoordinator.swift in Sources */,
				1AF1221C2BA0B691000B5C75 /* OnboardingViewController.swift in Sources */,
				1ABE51F02B9B923300698545 /* Extension+UIFont.swift in Sources */,
				1ABF01332B9C754900880D9B /* ProfileCoordinator.swift in Sources */,
				1ABF01312B9C74FB00880D9B /* ListCoordinator.swift in Sources */,
				1ABF012D2B9C745300880D9B /* HomeCoordinator.swift in Sources */,
				1ABF01352B9C75D700880D9B /* TabBarController.swift in Sources */,
				1ABE51C02B9B848A00698545 /* SceneDelegate.swift in Sources */,
				1AF122202BA0B77A000B5C75 /* OnboardingViewPresenter.swift in Sources */,
				1ABF01272B9C509D00880D9B /* Coordinator.swift in Sources */,
			);
			runOnlyForDeploymentPostprocessing = 0;
		};
/* End PBXSourcesBuildPhase section */

/* Begin PBXVariantGroup section */
		1ABE51C82B9B848B00698545 /* LaunchScreen.storyboard */ = {
			isa = PBXVariantGroup;
			children = (
				1ABE51C92B9B848B00698545 /* Base */,
			);
			name = LaunchScreen.storyboard;
			sourceTree = "<group>";
		};
/* End PBXVariantGroup section */

/* Begin XCBuildConfiguration section */
		1ABE51CC2B9B848B00698545 /* Debug */ = {
			isa = XCBuildConfiguration;
			buildSettings = {
				ALWAYS_SEARCH_USER_PATHS = NO;
				ASSETCATALOG_COMPILER_GENERATE_SWIFT_ASSET_SYMBOL_EXTENSIONS = YES;
				CLANG_ANALYZER_NONNULL = YES;
				CLANG_ANALYZER_NUMBER_OBJECT_CONVERSION = YES_AGGRESSIVE;
				CLANG_CXX_LANGUAGE_STANDARD = "gnu++20";
				CLANG_ENABLE_MODULES = YES;
				CLANG_ENABLE_OBJC_ARC = YES;
				CLANG_ENABLE_OBJC_WEAK = YES;
				CLANG_WARN_BLOCK_CAPTURE_AUTORELEASING = YES;
				CLANG_WARN_BOOL_CONVERSION = YES;
				CLANG_WARN_COMMA = YES;
				CLANG_WARN_CONSTANT_CONVERSION = YES;
				CLANG_WARN_DEPRECATED_OBJC_IMPLEMENTATIONS = YES;
				CLANG_WARN_DIRECT_OBJC_ISA_USAGE = YES_ERROR;
				CLANG_WARN_DOCUMENTATION_COMMENTS = YES;
				CLANG_WARN_EMPTY_BODY = YES;
				CLANG_WARN_ENUM_CONVERSION = YES;
				CLANG_WARN_INFINITE_RECURSION = YES;
				CLANG_WARN_INT_CONVERSION = YES;
				CLANG_WARN_NON_LITERAL_NULL_CONVERSION = YES;
				CLANG_WARN_OBJC_IMPLICIT_RETAIN_SELF = YES;
				CLANG_WARN_OBJC_LITERAL_CONVERSION = YES;
				CLANG_WARN_OBJC_ROOT_CLASS = YES_ERROR;
				CLANG_WARN_QUOTED_INCLUDE_IN_FRAMEWORK_HEADER = YES;
				CLANG_WARN_RANGE_LOOP_ANALYSIS = YES;
				CLANG_WARN_STRICT_PROTOTYPES = YES;
				CLANG_WARN_SUSPICIOUS_MOVE = YES;
				CLANG_WARN_UNGUARDED_AVAILABILITY = YES_AGGRESSIVE;
				CLANG_WARN_UNREACHABLE_CODE = YES;
				CLANG_WARN__DUPLICATE_METHOD_MATCH = YES;
				COPY_PHASE_STRIP = NO;
				DEBUG_INFORMATION_FORMAT = dwarf;
				ENABLE_STRICT_OBJC_MSGSEND = YES;
				ENABLE_TESTABILITY = YES;
				ENABLE_USER_SCRIPT_SANDBOXING = YES;
				GCC_C_LANGUAGE_STANDARD = gnu17;
				GCC_DYNAMIC_NO_PIC = NO;
				GCC_NO_COMMON_BLOCKS = YES;
				GCC_OPTIMIZATION_LEVEL = 0;
				GCC_PREPROCESSOR_DEFINITIONS = (
					"DEBUG=1",
					"$(inherited)",
				);
				GCC_WARN_64_TO_32_BIT_CONVERSION = YES;
				GCC_WARN_ABOUT_RETURN_TYPE = YES_ERROR;
				GCC_WARN_UNDECLARED_SELECTOR = YES;
				GCC_WARN_UNINITIALIZED_AUTOS = YES_AGGRESSIVE;
				GCC_WARN_UNUSED_FUNCTION = YES;
				GCC_WARN_UNUSED_VARIABLE = YES;
				IPHONEOS_DEPLOYMENT_TARGET = 17.2;
				LOCALIZATION_PREFERS_STRING_CATALOGS = YES;
				MTL_ENABLE_DEBUG_INFO = INCLUDE_SOURCE;
				MTL_FAST_MATH = YES;
				ONLY_ACTIVE_ARCH = YES;
				SDKROOT = iphoneos;
				SWIFT_ACTIVE_COMPILATION_CONDITIONS = "DEBUG $(inherited)";
				SWIFT_OPTIMIZATION_LEVEL = "-Onone";
			};
			name = Debug;
		};
		1ABE51CD2B9B848B00698545 /* Release */ = {
			isa = XCBuildConfiguration;
			buildSettings = {
				ALWAYS_SEARCH_USER_PATHS = NO;
				ASSETCATALOG_COMPILER_GENERATE_SWIFT_ASSET_SYMBOL_EXTENSIONS = YES;
				CLANG_ANALYZER_NONNULL = YES;
				CLANG_ANALYZER_NUMBER_OBJECT_CONVERSION = YES_AGGRESSIVE;
				CLANG_CXX_LANGUAGE_STANDARD = "gnu++20";
				CLANG_ENABLE_MODULES = YES;
				CLANG_ENABLE_OBJC_ARC = YES;
				CLANG_ENABLE_OBJC_WEAK = YES;
				CLANG_WARN_BLOCK_CAPTURE_AUTORELEASING = YES;
				CLANG_WARN_BOOL_CONVERSION = YES;
				CLANG_WARN_COMMA = YES;
				CLANG_WARN_CONSTANT_CONVERSION = YES;
				CLANG_WARN_DEPRECATED_OBJC_IMPLEMENTATIONS = YES;
				CLANG_WARN_DIRECT_OBJC_ISA_USAGE = YES_ERROR;
				CLANG_WARN_DOCUMENTATION_COMMENTS = YES;
				CLANG_WARN_EMPTY_BODY = YES;
				CLANG_WARN_ENUM_CONVERSION = YES;
				CLANG_WARN_INFINITE_RECURSION = YES;
				CLANG_WARN_INT_CONVERSION = YES;
				CLANG_WARN_NON_LITERAL_NULL_CONVERSION = YES;
				CLANG_WARN_OBJC_IMPLICIT_RETAIN_SELF = YES;
				CLANG_WARN_OBJC_LITERAL_CONVERSION = YES;
				CLANG_WARN_OBJC_ROOT_CLASS = YES_ERROR;
				CLANG_WARN_QUOTED_INCLUDE_IN_FRAMEWORK_HEADER = YES;
				CLANG_WARN_RANGE_LOOP_ANALYSIS = YES;
				CLANG_WARN_STRICT_PROTOTYPES = YES;
				CLANG_WARN_SUSPICIOUS_MOVE = YES;
				CLANG_WARN_UNGUARDED_AVAILABILITY = YES_AGGRESSIVE;
				CLANG_WARN_UNREACHABLE_CODE = YES;
				CLANG_WARN__DUPLICATE_METHOD_MATCH = YES;
				COPY_PHASE_STRIP = NO;
				DEBUG_INFORMATION_FORMAT = "dwarf-with-dsym";
				ENABLE_NS_ASSERTIONS = NO;
				ENABLE_STRICT_OBJC_MSGSEND = YES;
				ENABLE_USER_SCRIPT_SANDBOXING = YES;
				GCC_C_LANGUAGE_STANDARD = gnu17;
				GCC_NO_COMMON_BLOCKS = YES;
				GCC_WARN_64_TO_32_BIT_CONVERSION = YES;
				GCC_WARN_ABOUT_RETURN_TYPE = YES_ERROR;
				GCC_WARN_UNDECLARED_SELECTOR = YES;
				GCC_WARN_UNINITIALIZED_AUTOS = YES_AGGRESSIVE;
				GCC_WARN_UNUSED_FUNCTION = YES;
				GCC_WARN_UNUSED_VARIABLE = YES;
				IPHONEOS_DEPLOYMENT_TARGET = 17.2;
				LOCALIZATION_PREFERS_STRING_CATALOGS = YES;
				MTL_ENABLE_DEBUG_INFO = NO;
				MTL_FAST_MATH = YES;
				SDKROOT = iphoneos;
				SWIFT_COMPILATION_MODE = wholemodule;
				VALIDATE_PRODUCT = YES;
			};
			name = Release;
		};
		1ABE51CF2B9B848B00698545 /* Debug */ = {
			isa = XCBuildConfiguration;
			buildSettings = {
				ASSETCATALOG_COMPILER_APPICON_NAME = AppIcon;
				ASSETCATALOG_COMPILER_GLOBAL_ACCENT_COLOR_NAME = AccentColor;
				CODE_SIGN_STYLE = Automatic;
				CURRENT_PROJECT_VERSION = 1;
				DEVELOPMENT_TEAM = QZ329TNU43;
				GENERATE_INFOPLIST_FILE = YES;
				INFOPLIST_FILE = FoodDeliveryApp/Info.plist;
				INFOPLIST_KEY_LSApplicationCategoryType = "public.app-category.food-and-drink";
				INFOPLIST_KEY_UIApplicationSupportsIndirectInputEvents = YES;
				INFOPLIST_KEY_UILaunchStoryboardName = LaunchScreen;
				INFOPLIST_KEY_UISupportedInterfaceOrientations = UIInterfaceOrientationPortrait;
				INFOPLIST_KEY_UISupportedInterfaceOrientations_iPad = "UIInterfaceOrientationPortrait UIInterfaceOrientationPortraitUpsideDown";
				LD_RUNPATH_SEARCH_PATHS = (
					"$(inherited)",
					"@executable_path/Frameworks",
				);
				MARKETING_VERSION = 1.0;
				PRODUCT_BUNDLE_IDENTIFIER = iosmaster.com.FoodDeliveryApp;
				PRODUCT_NAME = "$(TARGET_NAME)";
				SUPPORTED_PLATFORMS = "iphoneos iphonesimulator";
				SUPPORTS_MACCATALYST = NO;
				SUPPORTS_MAC_DESIGNED_FOR_IPHONE_IPAD = NO;
				SUPPORTS_XR_DESIGNED_FOR_IPHONE_IPAD = NO;
				SWIFT_EMIT_LOC_STRINGS = YES;
				SWIFT_VERSION = 5.0;
				TARGETED_DEVICE_FAMILY = 1;
			};
			name = Debug;
		};
		1ABE51D02B9B848B00698545 /* Release */ = {
			isa = XCBuildConfiguration;
			buildSettings = {
				ASSETCATALOG_COMPILER_APPICON_NAME = AppIcon;
				ASSETCATALOG_COMPILER_GLOBAL_ACCENT_COLOR_NAME = AccentColor;
				CODE_SIGN_STYLE = Automatic;
				CURRENT_PROJECT_VERSION = 1;
				DEVELOPMENT_TEAM = QZ329TNU43;
				GENERATE_INFOPLIST_FILE = YES;
				INFOPLIST_FILE = FoodDeliveryApp/Info.plist;
				INFOPLIST_KEY_LSApplicationCategoryType = "public.app-category.food-and-drink";
				INFOPLIST_KEY_UIApplicationSupportsIndirectInputEvents = YES;
				INFOPLIST_KEY_UILaunchStoryboardName = LaunchScreen;
				INFOPLIST_KEY_UISupportedInterfaceOrientations = UIInterfaceOrientationPortrait;
				INFOPLIST_KEY_UISupportedInterfaceOrientations_iPad = "UIInterfaceOrientationPortrait UIInterfaceOrientationPortraitUpsideDown";
				LD_RUNPATH_SEARCH_PATHS = (
					"$(inherited)",
					"@executable_path/Frameworks",
				);
				MARKETING_VERSION = 1.0;
				PRODUCT_BUNDLE_IDENTIFIER = iosmaster.com.FoodDeliveryApp;
				PRODUCT_NAME = "$(TARGET_NAME)";
				SUPPORTED_PLATFORMS = "iphoneos iphonesimulator";
				SUPPORTS_MACCATALYST = NO;
				SUPPORTS_MAC_DESIGNED_FOR_IPHONE_IPAD = NO;
				SUPPORTS_XR_DESIGNED_FOR_IPHONE_IPAD = NO;
				SWIFT_EMIT_LOC_STRINGS = YES;
				SWIFT_VERSION = 5.0;
				TARGETED_DEVICE_FAMILY = 1;
			};
			name = Release;
		};
/* End XCBuildConfiguration section */

/* Begin XCConfigurationList section */
		1ABE51B52B9B848A00698545 /* Build configuration list for PBXProject "FoodDeliveryApp" */ = {
			isa = XCConfigurationList;
			buildConfigurations = (
				1ABE51CC2B9B848B00698545 /* Debug */,
				1ABE51CD2B9B848B00698545 /* Release */,
			);
			defaultConfigurationIsVisible = 0;
			defaultConfigurationName = Release;
		};
		1ABE51CE2B9B848B00698545 /* Build configuration list for PBXNativeTarget "FoodDeliveryApp" */ = {
			isa = XCConfigurationList;
			buildConfigurations = (
				1ABE51CF2B9B848B00698545 /* Debug */,
				1ABE51D02B9B848B00698545 /* Release */,
			);
			defaultConfigurationIsVisible = 0;
			defaultConfigurationName = Release;
		};
/* End XCConfigurationList section */
	};
	rootObject = 1ABE51B22B9B848A00698545 /* Project object */;
}
